
Microsoft Visual Studio Solution File, Format Version 12.00
# Visual Studio Version 17
VisualStudioVersion = 17.8.34309.116
MinimumVisualStudioVersion = 10.0.40219.1
Project("{FAE04EC0-301F-11D3-BF4B-00C04F79EFBC}") = "LibreriaCajero", "LibreriaCajero\LibreriaCajero.csproj", "{D563BA53-74D8-4C34-AE9B-EBBF97A3A26E}"
EndProject
Project("{FAE04EC0-301F-11D3-BF4B-00C04F79EFBC}") = "Pruebas1", "Pruebas1\Pruebas1.csproj", "{A08F3DFD-399E-4D0C-B56D-89FEFB57FE79}"
EndProject
Global
	GlobalSection(SolutionConfigurationPlatforms) = preSolution
		Debug|Any CPU = Debug|Any CPU
		Release|Any CPU = Release|Any CPU
	EndGlobalSection
	GlobalSection(ProjectConfigurationPlatforms) = postSolution
		{D563BA53-74D8-4C34-AE9B-EBBF97A3A26E}.Debug|Any CPU.ActiveCfg = Debug|Any CPU
		{D563BA53-74D8-4C34-AE9B-EBBF97A3A26E}.Debug|Any CPU.Build.0 = Debug|Any CPU
		{D563BA53-74D8-4C34-AE9B-EBBF97A3A26E}.Release|Any CPU.ActiveCfg = Release|Any CPU
		{D563BA53-74D8-4C34-AE9B-EBBF97A3A26E}.Release|Any CPU.Build.0 = Release|Any CPU
		{A08F3DFD-399E-4D0C-B56D-89FEFB57FE79}.Debug|Any CPU.ActiveCfg = Debug|Any CPU
		{A08F3DFD-399E-4D0C-B56D-89FEFB57FE79}.Debug|Any CPU.Build.0 = Debug|Any CPU
		{A08F3DFD-399E-4D0C-B56D-89FEFB57FE79}.Release|Any CPU.ActiveCfg = Release|Any CPU
		{A08F3DFD-399E-4D0C-B56D-89FEFB57FE79}.Release|Any CPU.Build.0 = Release|Any CPU
	EndGlobalSection
	GlobalSection(SolutionProperties) = preSolution
		HideSolutionNode = FALSE
	EndGlobalSection
	GlobalSection(ExtensibilityGlobals) = postSolution
		SolutionGuid = {F705D0B9-C724-4140-8AF7-C2BFD5D7EE80}
	EndGlobalSection
EndGlobal
